// !$*UTF8*$!
{
	archiveVersion = 1;
	classes = {
	};
	objectVersion = 50;
	objects = {

/* Begin PBXBuildFile section */
		18B48C6624C6B42B002B5DBD /* AppDelegate.swift in Sources */ = {isa = PBXBuildFile; fileRef = 18B48C6524C6B42B002B5DBD /* AppDelegate.swift */; };
		18B48C6824C6B42B002B5DBD /* ViewController.swift in Sources */ = {isa = PBXBuildFile; fileRef = 18B48C6724C6B42B002B5DBD /* ViewController.swift */; };
		18B48C6A24C6B42D002B5DBD /* Assets.xcassets in Resources */ = {isa = PBXBuildFile; fileRef = 18B48C6924C6B42D002B5DBD /* Assets.xcassets */; };
		18B48C6D24C6B42D002B5DBD /* Main.storyboard in Resources */ = {isa = PBXBuildFile; fileRef = 18B48C6B24C6B42D002B5DBD /* Main.storyboard */; };
		18B48C7924C6B42D002B5DBD /* WorkWithTableViewTests.swift in Sources */ = {isa = PBXBuildFile; fileRef = 18B48C7824C6B42D002B5DBD /* WorkWithTableViewTests.swift */; };
		18B48C8424C6B42D002B5DBD /* WorkWithTableViewUITests.swift in Sources */ = {isa = PBXBuildFile; fileRef = 18B48C8324C6B42D002B5DBD /* WorkWithTableViewUITests.swift */; };
/* End PBXBuildFile section */

/* Begin PBXContainerItemProxy section */
		18B48C7524C6B42D002B5DBD /* PBXContainerItemProxy */ = {
			isa = PBXContainerItemProxy;
			containerPortal = 18B48C5A24C6B42B002B5DBD /* Project object */;
			proxyType = 1;
			remoteGlobalIDString = 18B48C6124C6B42B002B5DBD;
			remoteInfo = WorkWithTableView;
		};
		18B48C8024C6B42D002B5DBD /* PBXContainerItemProxy */ = {
			isa = PBXContainerItemProxy;
			containerPortal = 18B48C5A24C6B42B002B5DBD /* Project object */;
			proxyType = 1;
			remoteGlobalIDString = 18B48C6124C6B42B002B5DBD;
			remoteInfo = WorkWithTableView;
		};
/* End PBXContainerItemProxy section */

/* Begin PBXFileReference section */
		18B48C6224C6B42B002B5DBD /* WorkWithTableView.app */ = {isa = PBXFileReference; explicitFileType = wrapper.application; includeInIndex = 0; path = WorkWithTableView.app; sourceTree = BUILT_PRODUCTS_DIR; };
		18B48C6524C6B42B002B5DBD /* AppDelegate.swift */ = {isa = PBXFileReference; lastKnownFileType = sourcecode.swift; path = AppDelegate.swift; sourceTree = "<group>"; };
		18B48C6724C6B42B002B5DBD /* ViewController.swift */ = {isa = PBXFileReference; lastKnownFileType = sourcecode.swift; path = ViewController.swift; sourceTree = "<group>"; };
		18B48C6924C6B42D002B5DBD /* Assets.xcassets */ = {isa = PBXFileReference; lastKnownFileType = folder.assetcatalog; path = Assets.xcassets; sourceTree = "<group>"; };
		18B48C6C24C6B42D002B5DBD /* Base */ = {isa = PBXFileReference; lastKnownFileType = file.storyboard; name = Base; path = Base.lproj/Main.storyboard; sourceTree = "<group>"; };
		18B48C6E24C6B42D002B5DBD /* Info.plist */ = {isa = PBXFileReference; lastKnownFileType = text.plist.xml; path = Info.plist; sourceTree = "<group>"; };
		18B48C6F24C6B42D002B5DBD /* WorkWithTableView.entitlements */ = {isa = PBXFileReference; lastKnownFileType = text.plist.entitlements; path = WorkWithTableView.entitlements; sourceTree = "<group>"; };
		18B48C7424C6B42D002B5DBD /* WorkWithTableViewTests.xctest */ = {isa = PBXFileReference; explicitFileType = wrapper.cfbundle; includeInIndex = 0; path = WorkWithTableViewTests.xctest; sourceTree = BUILT_PRODUCTS_DIR; };
		18B48C7824C6B42D002B5DBD /* WorkWithTableViewTests.swift */ = {isa = PBXFileReference; lastKnownFileType = sourcecode.swift; path = WorkWithTableViewTests.swift; sourceTree = "<group>"; };
		18B48C7A24C6B42D002B5DBD /* Info.plist */ = {isa = PBXFileReference; lastKnownFileType = text.plist.xml; path = Info.plist; sourceTree = "<group>"; };
		18B48C7F24C6B42D002B5DBD /* WorkWithTableViewUITests.xctest */ = {isa = PBXFileReference; explicitFileType = wrapper.cfbundle; includeInIndex = 0; path = WorkWithTableViewUITests.xctest; sourceTree = BUILT_PRODUCTS_DIR; };
		18B48C8324C6B42D002B5DBD /* WorkWithTableViewUITests.swift */ = {isa = PBXFileReference; lastKnownFileType = sourcecode.swift; path = WorkWithTableViewUITests.swift; sourceTree = "<group>"; };
		18B48C8524C6B42D002B5DBD /* Info.plist */ = {isa = PBXFileReference; lastKnownFileType = text.plist.xml; path = Info.plist; sourceTree = "<group>"; };
/* End PBXFileReference section */

/* Begin PBXFrameworksBuildPhase section */
		18B48C5F24C6B42B002B5DBD /* Frameworks */ = {
			isa = PBXFrameworksBuildPhase;
			buildActionMask = 2147483647;
			files = (
			);
			runOnlyForDeploymentPostprocessing = 0;
		};
		18B48C7124C6B42D002B5DBD /* Frameworks */ = {
			isa = PBXFrameworksBuildPhase;
			buildActionMask = 2147483647;
			files = (
			);
			runOnlyForDeploymentPostprocessing = 0;
		};
		18B48C7C24C6B42D002B5DBD /* Frameworks */ = {
			isa = PBXFrameworksBuildPhase;
			buildActionMask = 2147483647;
			files = (
			);
			runOnlyForDeploymentPostprocessing = 0;
		};
/* End PBXFrameworksBuildPhase section */

/* Begin PBXGroup section */
		18B48C5924C6B42B002B5DBD = {
			isa = PBXGroup;
			children = (
				18B48C6424C6B42B002B5DBD /* WorkWithTableView */,
				18B48C7724C6B42D002B5DBD /* WorkWithTableViewTests */,
				18B48C8224C6B42D002B5DBD /* WorkWithTableViewUITests */,
				18B48C6324C6B42B002B5DBD /* Products */,
			);
			sourceTree = "<group>";
		};
		18B48C6324C6B42B002B5DBD /* Products */ = {
			isa = PBXGroup;
			children = (
				18B48C6224C6B42B002B5DBD /* WorkWithTableView.app */,
				18B48C7424C6B42D002B5DBD /* WorkWithTableViewTests.xctest */,
				18B48C7F24C6B42D002B5DBD /* WorkWithTableViewUITests.xctest */,
			);
			name = Products;
			sourceTree = "<group>";
		};
		18B48C6424C6B42B002B5DBD /* WorkWithTableView */ = {
			isa = PBXGroup;
			children = (
				18B48C6524C6B42B002B5DBD /* AppDelegate.swift */,
				18B48C6724C6B42B002B5DBD /* ViewController.swift */,
				18B48C6924C6B42D002B5DBD /* Assets.xcassets */,
				18B48C6B24C6B42D002B5DBD /* Main.storyboard */,
				18B48C6E24C6B42D002B5DBD /* Info.plist */,
				18B48C6F24C6B42D002B5DBD /* WorkWithTableView.entitlements */,
			);
			path = WorkWithTableView;
			sourceTree = "<group>";
		};
		18B48C7724C6B42D002B5DBD /* WorkWithTableViewTests */ = {
			isa = PBXGroup;
			children = (
				18B48C7824C6B42D002B5DBD /* WorkWithTableViewTests.swift */,
				18B48C7A24C6B42D002B5DBD /* Info.plist */,
			);
			path = WorkWithTableViewTests;
			sourceTree = "<group>";
		};
		18B48C8224C6B42D002B5DBD /* WorkWithTableViewUITests */ = {
			isa = PBXGroup;
			children = (
				18B48C8324C6B42D002B5DBD /* WorkWithTableViewUITests.swift */,
				18B48C8524C6B42D002B5DBD /* Info.plist */,
			);
			path = WorkWithTableViewUITests;
			sourceTree = "<group>";
		};
/* End PBXGroup section */

/* Begin PBXNativeTarget section */
		18B48C6124C6B42B002B5DBD /* WorkWithTableView */ = {
			isa = PBXNativeTarget;
			buildConfigurationList = 18B48C8824C6B42D002B5DBD /* Build configuration list for PBXNativeTarget "WorkWithTableView" */;
			buildPhases = (
				18B48C5E24C6B42B002B5DBD /* Sources */,
				18B48C5F24C6B42B002B5DBD /* Frameworks */,
				18B48C6024C6B42B002B5DBD /* Resources */,
			);
			buildRules = (
			);
			dependencies = (
			);
			name = WorkWithTableView;
			productName = WorkWithTableView;
			productReference = 18B48C6224C6B42B002B5DBD /* WorkWithTableView.app */;
			productType = "com.apple.product-type.application";
		};
		18B48C7324C6B42D002B5DBD /* WorkWithTableViewTests */ = {
			isa = PBXNativeTarget;
			buildConfigurationList = 18B48C8B24C6B42D002B5DBD /* Build configuration list for PBXNativeTarget "WorkWithTableViewTests" */;
			buildPhases = (
				18B48C7024C6B42D002B5DBD /* Sources */,
				18B48C7124C6B42D002B5DBD /* Frameworks */,
				18B48C7224C6B42D002B5DBD /* Resources */,
			);
			buildRules = (
			);
			dependencies = (
				18B48C7624C6B42D002B5DBD /* PBXTargetDependency */,
			);
			name = WorkWithTableViewTests;
			productName = WorkWithTableViewTests;
			productReference = 18B48C7424C6B42D002B5DBD /* WorkWithTableViewTests.xctest */;
			productType = "com.apple.product-type.bundle.unit-test";
		};
		18B48C7E24C6B42D002B5DBD /* WorkWithTableViewUITests */ = {
			isa = PBXNativeTarget;
			buildConfigurationList = 18B48C8E24C6B42D002B5DBD /* Build configuration list for PBXNativeTarget "WorkWithTableViewUITests" */;
			buildPhases = (
				18B48C7B24C6B42D002B5DBD /* Sources */,
				18B48C7C24C6B42D002B5DBD /* Frameworks */,
				18B48C7D24C6B42D002B5DBD /* Resources */,
			);
			buildRules = (
			);
			dependencies = (
				18B48C8124C6B42D002B5DBD /* PBXTargetDependency */,
			);
			name = WorkWithTableViewUITests;
			productName = WorkWithTableViewUITests;
			productReference = 18B48C7F24C6B42D002B5DBD /* WorkWithTableViewUITests.xctest */;
			productType = "com.apple.product-type.bundle.ui-testing";
		};
/* End PBXNativeTarget section */

/* Begin PBXProject section */
		18B48C5A24C6B42B002B5DBD /* Project object */ = {
			isa = PBXProject;
			attributes = {
				LastSwiftUpdateCheck = 1130;
				LastUpgradeCheck = 1130;
				ORGANIZATIONNAME = TestOrganization;
				TargetAttributes = {
					18B48C6124C6B42B002B5DBD = {
						CreatedOnToolsVersion = 11.3.1;
					};
					18B48C7324C6B42D002B5DBD = {
						CreatedOnToolsVersion = 11.3.1;
						TestTargetID = 18B48C6124C6B42B002B5DBD;
					};
					18B48C7E24C6B42D002B5DBD = {
						CreatedOnToolsVersion = 11.3.1;
						TestTargetID = 18B48C6124C6B42B002B5DBD;
					};
				};
			};
			buildConfigurationList = 18B48C5D24C6B42B002B5DBD /* Build configuration list for PBXProject "WorkWithTableView" */;
			compatibilityVersion = "Xcode 9.3";
			developmentRegion = en;
			hasScannedForEncodings = 0;
			knownRegions = (
				en,
				Base,
			);
			mainGroup = 18B48C5924C6B42B002B5DBD;
			productRefGroup = 18B48C6324C6B42B002B5DBD /* Products */;
			projectDirPath = "";
			projectRoot = "";
			targets = (
				18B48C6124C6B42B002B5DBD /* WorkWithTableView */,
				18B48C7324C6B42D002B5DBD /* WorkWithTableViewTests */,
				18B48C7E24C6B42D002B5DBD /* WorkWithTableViewUITests */,
			);
		};
/* End PBXProject section */

/* Begin PBXResourcesBuildPhase section */
		18B48C6024C6B42B002B5DBD /* Resources */ = {
			isa = PBXResourcesBuildPhase;
			buildActionMask = 2147483647;
			files = (
				18B48C6A24C6B42D002B5DBD /* Assets.xcassets in Resources */,
				18B48C6D24C6B42D002B5DBD /* Main.storyboard in Resources */,
			);
			runOnlyForDeploymentPostprocessing = 0;
		};
		18B48C7224C6B42D002B5DBD /* Resources */ = {
			isa = PBXResourcesBuildPhase;
			buildActionMask = 2147483647;
			files = (
			);
			runOnlyForDeploymentPostprocessing = 0;
		};
		18B48C7D24C6B42D002B5DBD /* Resources */ = {
			isa = PBXResourcesBuildPhase;
			buildActionMask = 2147483647;
			files = (
			);
			runOnlyForDeploymentPostprocessing = 0;
		};
/* End PBXResourcesBuildPhase section */

/* Begin PBXSourcesBuildPhase section */
		18B48C5E24C6B42B002B5DBD /* Sources */ = {
			isa = PBXSourcesBuildPhase;
			buildActionMask = 2147483647;
			files = (
				18B48C6824C6B42B002B5DBD /* ViewController.swift in Sources */,
				18B48C6624C6B42B002B5DBD /* AppDelegate.swift in Sources */,
			);
			runOnlyForDeploymentPostprocessing = 0;
		};
		18B48C7024C6B42D002B5DBD /* Sources */ = {
			isa = PBXSourcesBuildPhase;
			buildActionMask = 2147483647;
			files = (
				18B48C7924C6B42D002B5DBD /* WorkWithTableViewTests.swift in Sources */,
			);
			runOnlyForDeploymentPostprocessing = 0;
		};
		18B48C7B24C6B42D002B5DBD /* Sources */ = {
			isa = PBXSourcesBuildPhase;
			buildActionMask = 2147483647;
			files = (
				18B48C8424C6B42D002B5DBD /* WorkWithTableViewUITests.swift in Sources */,
			);
			runOnlyForDeploymentPostprocessing = 0;
		};
/* End PBXSourcesBuildPhase section */

/* Begin PBXTargetDependency section */
		18B48C7624C6B42D002B5DBD /* PBXTargetDependency */ = {
			isa = PBXTargetDependency;
			target = 18B48C6124C6B42B002B5DBD /* WorkWithTableView */;
			targetProxy = 18B48C7524C6B42D002B5DBD /* PBXContainerItemProxy */;
		};
		18B48C8124C6B42D002B5DBD /* PBXTargetDependency */ = {
			isa = PBXTargetDependency;
			target = 18B48C6124C6B42B002B5DBD /* WorkWithTableView */;
			targetProxy = 18B48C8024C6B42D002B5DBD /* PBXContainerItemProxy */;
		};
/* End PBXTargetDependency section */

/* Begin PBXVariantGroup section */
		18B48C6B24C6B42D002B5DBD /* Main.storyboard */ = {
			isa = PBXVariantGroup;
			children = (
				18B48C6C24C6B42D002B5DBD /* Base */,
			);
			name = Main.storyboard;
			sourceTree = "<group>";
		};
/* End PBXVariantGroup section */

/* Begin XCBuildConfiguration section */
		18B48C8624C6B42D002B5DBD /* Debug */ = {
			isa = XCBuildConfiguration;
			buildSettings = {
				ALWAYS_SEARCH_USER_PATHS = NO;
				CLANG_ANALYZER_NONNULL = YES;
				CLANG_ANALYZER_NUMBER_OBJECT_CONVERSION = YES_AGGRESSIVE;
				CLANG_CXX_LANGUAGE_STANDARD = "gnu++14";
				CLANG_CXX_LIBRARY = "libc++";
				CLANG_ENABLE_MODULES = YES;
				CLANG_ENABLE_OBJC_ARC = YES;
				CLANG_ENABLE_OBJC_WEAK = YES;
				CLANG_WARN_BLOCK_CAPTURE_AUTORELEASING = YES;
				CLANG_WARN_BOOL_CONVERSION = YES;
				CLANG_WARN_COMMA = YES;
				CLANG_WARN_CONSTANT_CONVERSION = YES;
				CLANG_WARN_DEPRECATED_OBJC_IMPLEMENTATIONS = YES;
				CLANG_WARN_DIRECT_OBJC_ISA_USAGE = YES_ERROR;
				CLANG_WARN_DOCUMENTATION_COMMENTS = YES;
				CLANG_WARN_EMPTY_BODY = YES;
				CLANG_WARN_ENUM_CONVERSION = YES;
				CLANG_WARN_INFINITE_RECURSION = YES;
				CLANG_WARN_INT_CONVERSION = YES;
				CLANG_WARN_NON_LITERAL_NULL_CONVERSION = YES;
				CLANG_WARN_OBJC_IMPLICIT_RETAIN_SELF = YES;
				CLANG_WARN_OBJC_LITERAL_CONVERSION = YES;
				CLANG_WARN_OBJC_ROOT_CLASS = YES_ERROR;
				CLANG_WARN_RANGE_LOOP_ANALYSIS = YES;
				CLANG_WARN_STRICT_PROTOTYPES = YES;
				CLANG_WARN_SUSPICIOUS_MOVE = YES;
				CLANG_WARN_UNGUARDED_AVAILABILITY = YES_AGGRESSIVE;
				CLANG_WARN_UNREACHABLE_CODE = YES;
				CLANG_WARN__DUPLICATE_METHOD_MATCH = YES;
				COPY_PHASE_STRIP = NO;
				DEBUG_INFORMATION_FORMAT = dwarf;
				ENABLE_STRICT_OBJC_MSGSEND = YES;
				ENABLE_TESTABILITY = YES;
				GCC_C_LANGUAGE_STANDARD = gnu11;
				GCC_DYNAMIC_NO_PIC = NO;
				GCC_NO_COMMON_BLOCKS = YES;
				GCC_OPTIMIZATION_LEVEL = 0;
				GCC_PREPROCESSOR_DEFINITIONS = (
					"DEBUG=1",
					"$(inherited)",
				);
				GCC_WARN_64_TO_32_BIT_CONVERSION = YES;
				GCC_WARN_ABOUT_RETURN_TYPE = YES_ERROR;
				GCC_WARN_UNDECLARED_SELECTOR = YES;
				GCC_WARN_UNINITIALIZED_AUTOS = YES_AGGRESSIVE;
				GCC_WARN_UNUSED_FUNCTION = YES;
				GCC_WARN_UNUSED_VARIABLE = YES;
				MACOSX_DEPLOYMENT_TARGET = 10.15;
				MTL_ENABLE_DEBUG_INFO = INCLUDE_SOURCE;
				MTL_FAST_MATH = YES;
				ONLY_ACTIVE_ARCH = YES;
				SDKROOT = macosx;
				SWIFT_ACTIVE_COMPILATION_CONDITIONS = DEBUG;
				SWIFT_OPTIMIZATION_LEVEL = "-Onone";
			};
			name = Debug;
		};
		18B48C8724C6B42D002B5DBD /* Release */ = {
			isa = XCBuildConfiguration;
			buildSettings = {
				ALWAYS_SEARCH_USER_PATHS = NO;
				CLANG_ANALYZER_NONNULL = YES;
				CLANG_ANALYZER_NUMBER_OBJECT_CONVERSION = YES_AGGRESSIVE;
				CLANG_CXX_LANGUAGE_STANDARD = "gnu++14";
				CLANG_CXX_LIBRARY = "libc++";
				CLANG_ENABLE_MODULES = YES;
				CLANG_ENABLE_OBJC_ARC = YES;
				CLANG_ENABLE_OBJC_WEAK = YES;
				CLANG_WARN_BLOCK_CAPTURE_AUTORELEASING = YES;
				CLANG_WARN_BOOL_CONVERSION = YES;
				CLANG_WARN_COMMA = YES;
				CLANG_WARN_CONSTANT_CONVERSION = YES;
				CLANG_WARN_DEPRECATED_OBJC_IMPLEMENTATIONS = YES;
				CLANG_WARN_DIRECT_OBJC_ISA_USAGE = YES_ERROR;
				CLANG_WARN_DOCUMENTATION_COMMENTS = YES;
				CLANG_WARN_EMPTY_BODY = YES;
				CLANG_WARN_ENUM_CONVERSION = YES;
				CLANG_WARN_INFINITE_RECURSION = YES;
				CLANG_WARN_INT_CONVERSION = YES;
				CLANG_WARN_NON_LITERAL_NULL_CONVERSION = YES;
				CLANG_WARN_OBJC_IMPLICIT_RETAIN_SELF = YES;
				CLANG_WARN_OBJC_LITERAL_CONVERSION = YES;
				CLANG_WARN_OBJC_ROOT_CLASS = YES_ERROR;
				CLANG_WARN_RANGE_LOOP_ANALYSIS = YES;
				CLANG_WARN_STRICT_PROTOTYPES = YES;
				CLANG_WARN_SUSPICIOUS_MOVE = YES;
				CLANG_WARN_UNGUARDED_AVAILABILITY = YES_AGGRESSIVE;
				CLANG_WARN_UNREACHABLE_CODE = YES;
				CLANG_WARN__DUPLICATE_METHOD_MATCH = YES;
				COPY_PHASE_STRIP = NO;
				DEBUG_INFORMATION_FORMAT = "dwarf-with-dsym";
				ENABLE_NS_ASSERTIONS = NO;
				ENABLE_STRICT_OBJC_MSGSEND = YES;
				GCC_C_LANGUAGE_STANDARD = gnu11;
				GCC_NO_COMMON_BLOCKS = YES;
				GCC_WARN_64_TO_32_BIT_CONVERSION = YES;
				GCC_WARN_ABOUT_RETURN_TYPE = YES_ERROR;
				GCC_WARN_UNDECLARED_SELECTOR = YES;
				GCC_WARN_UNINITIALIZED_AUTOS = YES_AGGRESSIVE;
				GCC_WARN_UNUSED_FUNCTION = YES;
				GCC_WARN_UNUSED_VARIABLE = YES;
				MACOSX_DEPLOYMENT_TARGET = 10.15;
				MTL_ENABLE_DEBUG_INFO = NO;
				MTL_FAST_MATH = YES;
				SDKROOT = macosx;
				SWIFT_COMPILATION_MODE = wholemodule;
				SWIFT_OPTIMIZATION_LEVEL = "-O";
			};
			name = Release;
		};
		18B48C8924C6B42D002B5DBD /* Debug */ = {
			isa = XCBuildConfiguration;
			buildSettings = {
				ASSETCATALOG_COMPILER_APPICON_NAME = AppIcon;
				CODE_SIGN_ENTITLEMENTS = WorkWithTableView/WorkWithTableView.entitlements;
				CODE_SIGN_STYLE = Automatic;
				COMBINE_HIDPI_IMAGES = YES;
				INFOPLIST_FILE = WorkWithTableView/Info.plist;
				LD_RUNPATH_SEARCH_PATHS = (
					"$(inherited)",
					"@executable_path/../Frameworks",
				);
				PRODUCT_BUNDLE_IDENTIFIER = com.WorkWithTableView;
				PRODUCT_NAME = "$(TARGET_NAME)";
				SWIFT_VERSION = 5.0;
			};
			name = Debug;
		};
		18B48C8A24C6B42D002B5DBD /* Release */ = {
			isa = XCBuildConfiguration;
			buildSettings = {
				ASSETCATALOG_COMPILER_APPICON_NAME = AppIcon;
				CODE_SIGN_ENTITLEMENTS = WorkWithTableView/WorkWithTableView.entitlements;
				CODE_SIGN_STYLE = Automatic;
				COMBINE_HIDPI_IMAGES = YES;
				INFOPLIST_FILE = WorkWithTableView/Info.plist;
				LD_RUNPATH_SEARCH_PATHS = (
					"$(inherited)",
					"@executable_path/../Frameworks",
				);
				PRODUCT_BUNDLE_IDENTIFIER = com.WorkWithTableView;
				PRODUCT_NAME = "$(TARGET_NAME)";
				SWIFT_VERSION = 5.0;
			};
			name = Release;
		};
		18B48C8C24C6B42D002B5DBD /* Debug */ = {
			isa = XCBuildConfiguration;
			buildSettings = {
				ALWAYS_EMBED_SWIFT_STANDARD_LIBRARIES = YES;
				BUNDLE_LOADER = "$(TEST_HOST)";
				CODE_SIGN_STYLE = Automatic;
				COMBINE_HIDPI_IMAGES = YES;
				INFOPLIST_FILE = WorkWithTableViewTests/Info.plist;
				LD_RUNPATH_SEARCH_PATHS = (
					"$(inherited)",
					"@executable_path/../Frameworks",
					"@loader_path/../Frameworks",
				);
				MACOSX_DEPLOYMENT_TARGET = 10.15;
				PRODUCT_BUNDLE_IDENTIFIER = com.WorkWithTableViewTests;
				PRODUCT_NAME = "$(TARGET_NAME)";
				SWIFT_VERSION = 5.0;
				TEST_HOST = "$(BUILT_PRODUCTS_DIR)/WorkWithTableView.app/Contents/MacOS/WorkWithTableView";
			};
			name = Debug;
		};
		18B48C8D24C6B42D002B5DBD /* Release */ = {
			isa = XCBuildConfiguration;
			buildSettings = {
				ALWAYS_EMBED_SWIFT_STANDARD_LIBRARIES = YES;
				BUNDLE_LOADER = "$(TEST_HOST)";
				CODE_SIGN_STYLE = Automatic;
				COMBINE_HIDPI_IMAGES = YES;
				INFOPLIST_FILE = WorkWithTableViewTests/Info.plist;
				LD_RUNPATH_SEARCH_PATHS = (
					"$(inherited)",
					"@executable_path/../Frameworks",
					"@loader_path/../Frameworks",
				);
				MACOSX_DEPLOYMENT_TARGET = 10.15;
				PRODUCT_BUNDLE_IDENTIFIER = com.WorkWithTableViewTests;
				PRODUCT_NAME = "$(TARGET_NAME)";
				SWIFT_VERSION = 5.0;
				TEST_HOST = "$(BUILT_PRODUCTS_DIR)/WorkWithTableView.app/Contents/MacOS/WorkWithTableView";
			};
			name = Release;
		};
		18B48C8F24C6B42D002B5DBD /* Debug */ = {
			isa = XCBuildConfiguration;
			buildSettings = {
				ALWAYS_EMBED_SWIFT_STANDARD_LIBRARIES = YES;
				CODE_SIGN_STYLE = Automatic;
				COMBINE_HIDPI_IMAGES = YES;
				INFOPLIST_FILE = WorkWithTableViewUITests/Info.plist;
				LD_RUNPATH_SEARCH_PATHS = (
					"$(inherited)",
					"@executable_path/../Frameworks",
					"@loader_path/../Frameworks",
				);
				PRODUCT_BUNDLE_IDENTIFIER = com.WorkWithTableViewUITests;
				PRODUCT_NAME = "$(TARGET_NAME)";
				SWIFT_VERSION = 5.0;
				TEST_TARGET_NAME = WorkWithTableView;
			};
			name = Debug;
		};
		18B48C9024C6B42D002B5DBD /* Release */ = {
			isa = XCBuildConfiguration;
			buildSettings = {
				ALWAYS_EMBED_SWIFT_STANDARD_LIBRARIES = YES;
				CODE_SIGN_STYLE = Automatic;
				COMBINE_HIDPI_IMAGES = YES;
				INFOPLIST_FILE = WorkWithTableViewUITests/Info.plist;
				LD_RUNPATH_SEARCH_PATHS = (
					"$(inherited)",
					"@executable_path/../Frameworks",
					"@loader_path/../Frameworks",
				);
				PRODUCT_BUNDLE_IDENTIFIER = com.WorkWithTableViewUITests;
				PRODUCT_NAME = "$(TARGET_NAME)";
				SWIFT_VERSION = 5.0;
				TEST_TARGET_NAME = WorkWithTableView;
			};
			name = Release;
		};
/* End XCBuildConfiguration section */

/* Begin XCConfigurationList section */
		18B48C5D24C6B42B002B5DBD /* Build configuration list for PBXProject "WorkWithTableView" */ = {
			isa = XCConfigurationList;
			buildConfigurations = (
				18B48C8624C6B42D002B5DBD /* Debug */,
				18B48C8724C6B42D002B5DBD /* Release */,
			);
			defaultConfigurationIsVisible = 0;
			defaultConfigurationName = Release;
		};
		18B48C8824C6B42D002B5DBD /* Build configuration list for PBXNativeTarget "WorkWithTableView" */ = {
			isa = XCConfigurationList;
			buildConfigurations = (
				18B48C8924C6B42D002B5DBD /* Debug */,
				18B48C8A24C6B42D002B5DBD /* Release */,
			);
			defaultConfigurationIsVisible = 0;
			defaultConfigurationName = Release;
		};
		18B48C8B24C6B42D002B5DBD /* Build configuration list for PBXNativeTarget "WorkWithTableViewTests" */ = {
			isa = XCConfigurationList;
			buildConfigurations = (
				18B48C8C24C6B42D002B5DBD /* Debug */,
				18B48C8D24C6B42D002B5DBD /* Release */,
			);
			defaultConfigurationIsVisible = 0;
			defaultConfigurationName = Release;
		};
		18B48C8E24C6B42D002B5DBD /* Build configuration list for PBXNativeTarget "WorkWithTableViewUITests" */ = {
			isa = XCConfigurationList;
			buildConfigurations = (
				18B48C8F24C6B42D002B5DBD /* Debug */,
				18B48C9024C6B42D002B5DBD /* Release */,
			);
			defaultConfigurationIsVisible = 0;
			defaultConfigurationName = Release;
		};
/* End XCConfigurationList section */
	};
	rootObject = 18B48C5A24C6B42B002B5DBD /* Project object */;
}
